// !$*UTF8*$!
{
	archiveVersion = 1;
	classes = {
	};
	objectVersion = 50;
	objects = {

/* Begin PBXBuildFile section */
		373E597821BD802F00C8999F /* sample.c in Sources */ = {isa = PBXBuildFile; fileRef = 373E593F21BD802F00C8999F /* sample.c */; };
		373E597921BD802F00C8999F /* cutlass_list.c in Sources */ = {isa = PBXBuildFile; fileRef = 373E594621BD802F00C8999F /* cutlass_list.c */; };
		373E597A21BD802F00C8999F /* cutlass_queue.c in Sources */ = {isa = PBXBuildFile; fileRef = 373E594721BD802F00C8999F /* cutlass_queue.c */; };
		373E597B21BD802F00C8999F /* cutlass_rbtree.c in Sources */ = {isa = PBXBuildFile; fileRef = 373E594821BD802F00C8999F /* cutlass_rbtree.c */; };
		373E597C21BD802F00C8999F /* cutlass_hashmap.c in Sources */ = {isa = PBXBuildFile; fileRef = 373E594921BD802F00C8999F /* cutlass_hashmap.c */; };
		373E597D21BD802F00C8999F /* cutlass_hashtable.c in Sources */ = {isa = PBXBuildFile; fileRef = 373E594A21BD802F00C8999F /* cutlass_hashtable.c */; };
		373E597E21BD802F00C8999F /* cutlass_stack.c in Sources */ = {isa = PBXBuildFile; fileRef = 373E594B21BD802F00C8999F /* cutlass_stack.c */; };
		373E597F21BD802F00C8999F /* cutlass_hash_string.c in Sources */ = {isa = PBXBuildFile; fileRef = 373E594C21BD802F00C8999F /* cutlass_hash_string.c */; };
		373E598021BD802F00C8999F /* sds.c in Sources */ = {isa = PBXBuildFile; fileRef = 373E595621BD802F00C8999F /* sds.c */; };
		373E598121BD802F00C8999F /* cJSON.c in Sources */ = {isa = PBXBuildFile; fileRef = 373E595D21BD802F00C8999F /* cJSON.c */; };
		373E598221BD802F00C8999F /* output.c in Sources */ = {isa = PBXBuildFile; fileRef = 373E596221BD802F00C8999F /* output.c */; };
		373E598321BD802F00C8999F /* log.c in Sources */ = {isa = PBXBuildFile; fileRef = 373E596521BD802F00C8999F /* log.c */; };
		373E598421BD802F00C8999F /* printf.c in Sources */ = {isa = PBXBuildFile; fileRef = 373E596621BD802F00C8999F /* printf.c */; };
		373E598521BD802F00C8999F /* Makefile in Sources */ = {isa = PBXBuildFile; fileRef = 373E596D21BD802F00C8999F /* Makefile */; };
		373E598621BD802F00C8999F /* platform_port.c in Sources */ = {isa = PBXBuildFile; fileRef = 373E596F21BD802F00C8999F /* platform_port.c */; };
		373E598721BD802F00C8999F /* sample.c in Sources */ = {isa = PBXBuildFile; fileRef = 373E597221BD802F00C8999F /* sample.c */; };
		373E598821BD802F00C8999F /* microrl.c in Sources */ = {isa = PBXBuildFile; fileRef = 373E597421BD802F00C8999F /* microrl.c */; };
/* End PBXBuildFile section */

/* Begin PBXCopyFilesBuildPhase section */
		37401B8421BD5E880018F832 /* CopyFiles */ = {
			isa = PBXCopyFilesBuildPhase;
			buildActionMask = 2147483647;
			dstPath = /usr/share/man/man1/;
			dstSubfolderSpec = 0;
			files = (
			);
			runOnlyForDeploymentPostprocessing = 1;
		};
/* End PBXCopyFilesBuildPhase section */

/* Begin PBXFileReference section */
		373E593F21BD802F00C8999F /* sample.c */ = {isa = PBXFileReference; fileEncoding = 4; lastKnownFileType = sourcecode.c.c; path = sample.c; sourceTree = "<group>"; };
		373E594021BD802F00C8999F /* configuration.h */ = {isa = PBXFileReference; fileEncoding = 4; lastKnownFileType = sourcecode.c.h; path = configuration.h; sourceTree = "<group>"; };
		373E594321BD802F00C8999F /* LICENSE */ = {isa = PBXFileReference; fileEncoding = 4; lastKnownFileType = text; path = LICENSE; sourceTree = "<group>"; };
		373E594421BD802F00C8999F /* README.md */ = {isa = PBXFileReference; fileEncoding = 4; lastKnownFileType = net.daringfireball.markdown; path = README.md; sourceTree = "<group>"; };
		373E594621BD802F00C8999F /* cutlass_list.c */ = {isa = PBXFileReference; fileEncoding = 4; lastKnownFileType = sourcecode.c.c; path = cutlass_list.c; sourceTree = "<group>"; };
		373E594721BD802F00C8999F /* cutlass_queue.c */ = {isa = PBXFileReference; fileEncoding = 4; lastKnownFileType = sourcecode.c.c; path = cutlass_queue.c; sourceTree = "<group>"; };
		373E594821BD802F00C8999F /* cutlass_rbtree.c */ = {isa = PBXFileReference; fileEncoding = 4; lastKnownFileType = sourcecode.c.c; path = cutlass_rbtree.c; sourceTree = "<group>"; };
		373E594921BD802F00C8999F /* cutlass_hashmap.c */ = {isa = PBXFileReference; fileEncoding = 4; lastKnownFileType = sourcecode.c.c; path = cutlass_hashmap.c; sourceTree = "<group>"; };
		373E594A21BD802F00C8999F /* cutlass_hashtable.c */ = {isa = PBXFileReference; fileEncoding = 4; lastKnownFileType = sourcecode.c.c; path = cutlass_hashtable.c; sourceTree = "<group>"; };
		373E594B21BD802F00C8999F /* cutlass_stack.c */ = {isa = PBXFileReference; fileEncoding = 4; lastKnownFileType = sourcecode.c.c; path = cutlass_stack.c; sourceTree = "<group>"; };
		373E594C21BD802F00C8999F /* cutlass_hash_string.c */ = {isa = PBXFileReference; fileEncoding = 4; lastKnownFileType = sourcecode.c.c; path = cutlass_hash_string.c; sourceTree = "<group>"; };
		373E594E21BD802F00C8999F /* cutlass_rbtree.h */ = {isa = PBXFileReference; fileEncoding = 4; lastKnownFileType = sourcecode.c.h; path = cutlass_rbtree.h; sourceTree = "<group>"; };
		373E594F21BD802F00C8999F /* cutlass_queue.h */ = {isa = PBXFileReference; fileEncoding = 4; lastKnownFileType = sourcecode.c.h; path = cutlass_queue.h; sourceTree = "<group>"; };
		373E595021BD802F00C8999F /* cutlass_hashtable.h */ = {isa = PBXFileReference; fileEncoding = 4; lastKnownFileType = sourcecode.c.h; path = cutlass_hashtable.h; sourceTree = "<group>"; };
		373E595121BD802F00C8999F /* cutlass_hashmap.h */ = {isa = PBXFileReference; fileEncoding = 4; lastKnownFileType = sourcecode.c.h; path = cutlass_hashmap.h; sourceTree = "<group>"; };
		373E595221BD802F00C8999F /* cutlass_stack.h */ = {isa = PBXFileReference; fileEncoding = 4; lastKnownFileType = sourcecode.c.h; path = cutlass_stack.h; sourceTree = "<group>"; };
		373E595321BD802F00C8999F /* cutlass_hash_string.h */ = {isa = PBXFileReference; fileEncoding = 4; lastKnownFileType = sourcecode.c.h; path = cutlass_hash_string.h; sourceTree = "<group>"; };
		373E595421BD802F00C8999F /* cutlass_list.h */ = {isa = PBXFileReference; fileEncoding = 4; lastKnownFileType = sourcecode.c.h; path = cutlass_list.h; sourceTree = "<group>"; };
		373E595621BD802F00C8999F /* sds.c */ = {isa = PBXFileReference; fileEncoding = 4; lastKnownFileType = sourcecode.c.c; path = sds.c; sourceTree = "<group>"; };
		373E595721BD802F00C8999F /* LICENSE */ = {isa = PBXFileReference; fileEncoding = 4; lastKnownFileType = text; path = LICENSE; sourceTree = "<group>"; };
		373E595821BD802F00C8999F /* sds.h */ = {isa = PBXFileReference; fileEncoding = 4; lastKnownFileType = sourcecode.c.h; path = sds.h; sourceTree = "<group>"; };
		373E595921BD802F00C8999F /* sdsalloc.h */ = {isa = PBXFileReference; fileEncoding = 4; lastKnownFileType = sourcecode.c.h; path = sdsalloc.h; sourceTree = "<group>"; };
		373E595A21BD802F00C8999F /* type_int.h */ = {isa = PBXFileReference; fileEncoding = 4; lastKnownFileType = sourcecode.c.h; path = type_int.h; sourceTree = "<group>"; };
		373E595C21BD802F00C8999F /* cJSON.h */ = {isa = PBXFileReference; fileEncoding = 4; lastKnownFileType = sourcecode.c.h; path = cJSON.h; sourceTree = "<group>"; };
		373E595D21BD802F00C8999F /* cJSON.c */ = {isa = PBXFileReference; fileEncoding = 4; lastKnownFileType = sourcecode.c.c; path = cJSON.c; sourceTree = "<group>"; };
		373E595E21BD802F00C8999F /* common.h */ = {isa = PBXFileReference; fileEncoding = 4; lastKnownFileType = sourcecode.c.h; path = common.h; sourceTree = "<group>"; };
		373E596021BD802F00C8999F /* LICENSE */ = {isa = PBXFileReference; fileEncoding = 4; lastKnownFileType = text; path = LICENSE; sourceTree = "<group>"; };
		373E596221BD802F00C8999F /* output.c */ = {isa = PBXFileReference; fileEncoding = 4; lastKnownFileType = sourcecode.c.c; path = output.c; sourceTree = "<group>"; };
		373E596321BD802F00C8999F /* README.md */ = {isa = PBXFileReference; fileEncoding = 4; lastKnownFileType = net.daringfireball.markdown; path = README.md; sourceTree = "<group>"; };
		373E596521BD802F00C8999F /* log.c */ = {isa = PBXFileReference; fileEncoding = 4; lastKnownFileType = sourcecode.c.c; path = log.c; sourceTree = "<group>"; };
		373E596621BD802F00C8999F /* printf.c */ = {isa = PBXFileReference; fileEncoding = 4; lastKnownFileType = sourcecode.c.c; path = printf.c; sourceTree = "<group>"; };
		373E596821BD802F00C8999F /* printf.h */ = {isa = PBXFileReference; fileEncoding = 4; lastKnownFileType = sourcecode.c.h; path = printf.h; sourceTree = "<group>"; };
		373E596921BD802F00C8999F /* log.h */ = {isa = PBXFileReference; fileEncoding = 4; lastKnownFileType = sourcecode.c.h; path = log.h; sourceTree = "<group>"; };
		373E596A21BD802F00C8999F /* std_include.h */ = {isa = PBXFileReference; fileEncoding = 4; lastKnownFileType = sourcecode.c.h; path = std_include.h; sourceTree = "<group>"; };
		373E596C21BD802F00C8999F /* LICENSE */ = {isa = PBXFileReference; fileEncoding = 4; lastKnownFileType = text; path = LICENSE; sourceTree = "<group>"; };
		373E596D21BD802F00C8999F /* Makefile */ = {isa = PBXFileReference; fileEncoding = 4; lastKnownFileType = sourcecode.make; path = Makefile; sourceTree = "<group>"; };
		373E596F21BD802F00C8999F /* platform_port.c */ = {isa = PBXFileReference; fileEncoding = 4; lastKnownFileType = sourcecode.c.c; path = platform_port.c; sourceTree = "<group>"; };
		373E597021BD802F00C8999F /* platform_port.h */ = {isa = PBXFileReference; fileEncoding = 4; lastKnownFileType = sourcecode.c.h; path = platform_port.h; sourceTree = "<group>"; };
		373E597121BD802F00C8999F /* console_config.h */ = {isa = PBXFileReference; fileEncoding = 4; lastKnownFileType = sourcecode.c.h; path = console_config.h; sourceTree = "<group>"; };
		373E597221BD802F00C8999F /* sample.c */ = {isa = PBXFileReference; fileEncoding = 4; lastKnownFileType = sourcecode.c.c; path = sample.c; sourceTree = "<group>"; };
		373E597421BD802F00C8999F /* microrl.c */ = {isa = PBXFileReference; fileEncoding = 4; lastKnownFileType = sourcecode.c.c; path = microrl.c; sourceTree = "<group>"; };
		373E597521BD802F00C8999F /* microrl.h */ = {isa = PBXFileReference; fileEncoding = 4; lastKnownFileType = sourcecode.c.h; path = microrl.h; sourceTree = "<group>"; };
		373E597721BD802F00C8999F /* console_api.h */ = {isa = PBXFileReference; fileEncoding = 4; lastKnownFileType = sourcecode.c.h; path = console_api.h; sourceTree = "<group>"; };
		37401B8621BD5E880018F832 /* MacOS */ = {isa = PBXFileReference; explicitFileType = "compiled.mach-o.executable"; includeInIndex = 0; path = MacOS; sourceTree = BUILT_PRODUCTS_DIR; };
/* End PBXFileReference section */

/* Begin PBXFrameworksBuildPhase section */
		37401B8321BD5E880018F832 /* Frameworks */ = {
			isa = PBXFrameworksBuildPhase;
			buildActionMask = 2147483647;
			files = (
			);
			runOnlyForDeploymentPostprocessing = 0;
		};
/* End PBXFrameworksBuildPhase section */

/* Begin PBXGroup section */
		373E593D21BD802F00C8999F /* src */ = {
			isa = PBXGroup;
			children = (
				373E593E21BD802F00C8999F /* app */,
				373E594021BD802F00C8999F /* configuration.h */,
				373E594121BD802F00C8999F /* libraries */,
			);
			name = src;
			path = ../../src;
			sourceTree = "<group>";
		};
		373E593E21BD802F00C8999F /* app */ = {
			isa = PBXGroup;
			children = (
				373E593F21BD802F00C8999F /* sample.c */,
			);
			path = app;
			sourceTree = "<group>";
		};
		373E594121BD802F00C8999F /* libraries */ = {
			isa = PBXGroup;
			children = (
				373E594221BD802F00C8999F /* data_structure */,
				373E595521BD802F00C8999F /* sds */,
				373E595A21BD802F00C8999F /* type_int.h */,
				373E595B21BD802F00C8999F /* json */,
				373E595E21BD802F00C8999F /* common.h */,
				373E595F21BD802F00C8999F /* log */,
				373E596A21BD802F00C8999F /* std_include.h */,
				373E596B21BD802F00C8999F /* console */,
			);
			path = libraries;
			sourceTree = "<group>";
		};
		373E594221BD802F00C8999F /* data_structure */ = {
			isa = PBXGroup;
			children = (
				373E594321BD802F00C8999F /* LICENSE */,
				373E594421BD802F00C8999F /* README.md */,
				373E594521BD802F00C8999F /* implement */,
				373E594D21BD802F00C8999F /* api */,
			);
			path = data_structure;
			sourceTree = "<group>";
		};
		373E594521BD802F00C8999F /* implement */ = {
			isa = PBXGroup;
			children = (
				373E594621BD802F00C8999F /* cutlass_list.c */,
				373E594721BD802F00C8999F /* cutlass_queue.c */,
				373E594821BD802F00C8999F /* cutlass_rbtree.c */,
				373E594921BD802F00C8999F /* cutlass_hashmap.c */,
				373E594A21BD802F00C8999F /* cutlass_hashtable.c */,
				373E594B21BD802F00C8999F /* cutlass_stack.c */,
				373E594C21BD802F00C8999F /* cutlass_hash_string.c */,
			);
			path = implement;
			sourceTree = "<group>";
		};
		373E594D21BD802F00C8999F /* api */ = {
			isa = PBXGroup;
			children = (
				373E594E21BD802F00C8999F /* cutlass_rbtree.h */,
				373E594F21BD802F00C8999F /* cutlass_queue.h */,
				373E595021BD802F00C8999F /* cutlass_hashtable.h */,
				373E595121BD802F00C8999F /* cutlass_hashmap.h */,
				373E595221BD802F00C8999F /* cutlass_stack.h */,
				373E595321BD802F00C8999F /* cutlass_hash_string.h */,
				373E595421BD802F00C8999F /* cutlass_list.h */,
			);
			path = api;
			sourceTree = "<group>";
		};
		373E595521BD802F00C8999F /* sds */ = {
			isa = PBXGroup;
			children = (
				373E595621BD802F00C8999F /* sds.c */,
				373E595721BD802F00C8999F /* LICENSE */,
				373E595821BD802F00C8999F /* sds.h */,
				373E595921BD802F00C8999F /* sdsalloc.h */,
			);
			path = sds;
			sourceTree = "<group>";
		};
		373E595B21BD802F00C8999F /* json */ = {
			isa = PBXGroup;
			children = (
				373E595C21BD802F00C8999F /* cJSON.h */,
				373E595D21BD802F00C8999F /* cJSON.c */,
			);
			path = json;
			sourceTree = "<group>";
		};
		373E595F21BD802F00C8999F /* log */ = {
			isa = PBXGroup;
			children = (
				373E596021BD802F00C8999F /* LICENSE */,
				373E596121BD802F00C8999F /* portable */,
				373E596321BD802F00C8999F /* README.md */,
				373E596421BD802F00C8999F /* implement */,
				373E596721BD802F00C8999F /* api */,
			);
			path = log;
			sourceTree = "<group>";
		};
		373E596121BD802F00C8999F /* portable */ = {
			isa = PBXGroup;
			children = (
				373E596221BD802F00C8999F /* output.c */,
			);
			path = portable;
			sourceTree = "<group>";
		};
		373E596421BD802F00C8999F /* implement */ = {
			isa = PBXGroup;
			children = (
				373E596521BD802F00C8999F /* log.c */,
				373E596621BD802F00C8999F /* printf.c */,
			);
			path = implement;
			sourceTree = "<group>";
		};
		373E596721BD802F00C8999F /* api */ = {
			isa = PBXGroup;
			children = (
				373E596821BD802F00C8999F /* printf.h */,
				373E596921BD802F00C8999F /* log.h */,
			);
			path = api;
			sourceTree = "<group>";
		};
		373E596B21BD802F00C8999F /* console */ = {
			isa = PBXGroup;
			children = (
				373E596C21BD802F00C8999F /* LICENSE */,
				373E596D21BD802F00C8999F /* Makefile */,
				373E596E21BD802F00C8999F /* portable */,
				373E597221BD802F00C8999F /* sample.c */,
				373E597321BD802F00C8999F /* implement */,
				373E597621BD802F00C8999F /* api */,
			);
			path = console;
			sourceTree = "<group>";
		};
		373E596E21BD802F00C8999F /* portable */ = {
			isa = PBXGroup;
			children = (
				373E596F21BD802F00C8999F /* platform_port.c */,
				373E597021BD802F00C8999F /* platform_port.h */,
				373E597121BD802F00C8999F /* console_config.h */,
			);
			path = portable;
			sourceTree = "<group>";
		};
		373E597321BD802F00C8999F /* implement */ = {
			isa = PBXGroup;
			children = (
				373E597421BD802F00C8999F /* microrl.c */,
				373E597521BD802F00C8999F /* microrl.h */,
			);
			path = implement;
			sourceTree = "<group>";
		};
		373E597621BD802F00C8999F /* api */ = {
			isa = PBXGroup;
			children = (
				373E597721BD802F00C8999F /* console_api.h */,
			);
			path = api;
			sourceTree = "<group>";
		};
		37401B7D21BD5E870018F832 = {
			isa = PBXGroup;
			children = (
				373E593D21BD802F00C8999F /* src */,
				37401B8721BD5E880018F832 /* Products */,
			);
			sourceTree = "<group>";
		};
		37401B8721BD5E880018F832 /* Products */ = {
			isa = PBXGroup;
			children = (
				37401B8621BD5E880018F832 /* MacOS */,
			);
			name = Products;
			sourceTree = "<group>";
		};
/* End PBXGroup section */

/* Begin PBXNativeTarget section */
		37401B8521BD5E880018F832 /* MacOS */ = {
			isa = PBXNativeTarget;
			buildConfigurationList = 37401B8D21BD5E880018F832 /* Build configuration list for PBXNativeTarget "MacOS" */;
			buildPhases = (
				37401B8221BD5E880018F832 /* Sources */,
				37401B8321BD5E880018F832 /* Frameworks */,
				37401B8421BD5E880018F832 /* CopyFiles */,
			);
			buildRules = (
			);
			dependencies = (
			);
			name = MacOS;
			productName = MacOS;
			productReference = 37401B8621BD5E880018F832 /* MacOS */;
			productType = "com.apple.product-type.tool";
		};
/* End PBXNativeTarget section */

/* Begin PBXProject section */
		37401B7E21BD5E870018F832 /* Project object */ = {
			isa = PBXProject;
			attributes = {
				LastUpgradeCheck = 1010;
				ORGANIZATIONNAME = "亚洲";
				TargetAttributes = {
					37401B8521BD5E880018F832 = {
						CreatedOnToolsVersion = 10.1;
					};
				};
			};
			buildConfigurationList = 37401B8121BD5E870018F832 /* Build configuration list for PBXProject "MacOS" */;
			compatibilityVersion = "Xcode 9.3";
			developmentRegion = en;
			hasScannedForEncodings = 0;
			knownRegions = (
				en,
			);
			mainGroup = 37401B7D21BD5E870018F832;
			productRefGroup = 37401B8721BD5E880018F832 /* Products */;
			projectDirPath = "";
			projectRoot = "";
			targets = (
				37401B8521BD5E880018F832 /* MacOS */,
			);
		};
/* End PBXProject section */

/* Begin PBXSourcesBuildPhase section */
		37401B8221BD5E880018F832 /* Sources */ = {
			isa = PBXSourcesBuildPhase;
			buildActionMask = 2147483647;
			files = (
				373E598621BD802F00C8999F /* platform_port.c in Sources */,
				373E598321BD802F00C8999F /* log.c in Sources */,
				373E598021BD802F00C8999F /* sds.c in Sources */,
				373E597D21BD802F00C8999F /* cutlass_hashtable.c in Sources */,
				373E597E21BD802F00C8999F /* cutlass_stack.c in Sources */,
				373E598221BD802F00C8999F /* output.c in Sources */,
				373E598121BD802F00C8999F /* cJSON.c in Sources */,
				373E597821BD802F00C8999F /* sample.c in Sources */,
				373E597C21BD802F00C8999F /* cutlass_hashmap.c in Sources */,
				373E597A21BD802F00C8999F /* cutlass_queue.c in Sources */,
				373E598421BD802F00C8999F /* printf.c in Sources */,
				373E598721BD802F00C8999F /* sample.c in Sources */,
				373E597921BD802F00C8999F /* cutlass_list.c in Sources */,
				373E597F21BD802F00C8999F /* cutlass_hash_string.c in Sources */,
				373E598821BD802F00C8999F /* microrl.c in Sources */,
				373E598521BD802F00C8999F /* Makefile in Sources */,
				373E597B21BD802F00C8999F /* cutlass_rbtree.c in Sources */,
			);
			runOnlyForDeploymentPostprocessing = 0;
		};
/* End PBXSourcesBuildPhase section */

/* Begin XCBuildConfiguration section */
		37401B8B21BD5E880018F832 /* Debug */ = {
			isa = XCBuildConfiguration;
			buildSettings = {
				ALWAYS_SEARCH_USER_PATHS = NO;
				CLANG_ANALYZER_NONNULL = YES;
				CLANG_ANALYZER_NUMBER_OBJECT_CONVERSION = YES_AGGRESSIVE;
				CLANG_CXX_LANGUAGE_STANDARD = "gnu++14";
				CLANG_CXX_LIBRARY = "libc++";
				CLANG_ENABLE_MODULES = YES;
				CLANG_ENABLE_OBJC_ARC = YES;
				CLANG_ENABLE_OBJC_WEAK = YES;
				CLANG_WARN_BLOCK_CAPTURE_AUTORELEASING = YES;
				CLANG_WARN_BOOL_CONVERSION = YES;
				CLANG_WARN_COMMA = YES;
				CLANG_WARN_CONSTANT_CONVERSION = YES;
				CLANG_WARN_DEPRECATED_OBJC_IMPLEMENTATIONS = YES;
				CLANG_WARN_DIRECT_OBJC_ISA_USAGE = YES_ERROR;
				CLANG_WARN_DOCUMENTATION_COMMENTS = YES;
				CLANG_WARN_EMPTY_BODY = YES;
				CLANG_WARN_ENUM_CONVERSION = YES;
				CLANG_WARN_INFINITE_RECURSION = YES;
				CLANG_WARN_INT_CONVERSION = YES;
				CLANG_WARN_NON_LITERAL_NULL_CONVERSION = YES;
				CLANG_WARN_OBJC_IMPLICIT_RETAIN_SELF = YES;
				CLANG_WARN_OBJC_LITERAL_CONVERSION = YES;
				CLANG_WARN_OBJC_ROOT_CLASS = YES_ERROR;
				CLANG_WARN_RANGE_LOOP_ANALYSIS = YES;
				CLANG_WARN_STRICT_PROTOTYPES = YES;
				CLANG_WARN_SUSPICIOUS_MOVE = YES;
				CLANG_WARN_UNGUARDED_AVAILABILITY = YES_AGGRESSIVE;
				CLANG_WARN_UNREACHABLE_CODE = YES;
				CLANG_WARN__DUPLICATE_METHOD_MATCH = YES;
				CODE_SIGN_IDENTITY = "-";
				COPY_PHASE_STRIP = NO;
				DEBUG_INFORMATION_FORMAT = dwarf;
				ENABLE_STRICT_OBJC_MSGSEND = YES;
				ENABLE_TESTABILITY = YES;
				GCC_C_LANGUAGE_STANDARD = gnu11;
				GCC_DYNAMIC_NO_PIC = NO;
				GCC_NO_COMMON_BLOCKS = YES;
				GCC_OPTIMIZATION_LEVEL = 0;
				GCC_PREPROCESSOR_DEFINITIONS = (
					"DEBUG=1",
					"$(inherited)",
				);
				GCC_WARN_64_TO_32_BIT_CONVERSION = YES;
				GCC_WARN_ABOUT_RETURN_TYPE = YES_ERROR;
				GCC_WARN_UNDECLARED_SELECTOR = YES;
				GCC_WARN_UNINITIALIZED_AUTOS = YES_AGGRESSIVE;
				GCC_WARN_UNUSED_FUNCTION = YES;
				GCC_WARN_UNUSED_VARIABLE = YES;
				MACOSX_DEPLOYMENT_TARGET = 10.14;
				MTL_ENABLE_DEBUG_INFO = INCLUDE_SOURCE;
				MTL_FAST_MATH = YES;
				ONLY_ACTIVE_ARCH = YES;
				SDKROOT = macosx;
			};
			name = Debug;
		};
		37401B8C21BD5E880018F832 /* Release */ = {
			isa = XCBuildConfiguration;
			buildSettings = {
				ALWAYS_SEARCH_USER_PATHS = NO;
				CLANG_ANALYZER_NONNULL = YES;
				CLANG_ANALYZER_NUMBER_OBJECT_CONVERSION = YES_AGGRESSIVE;
				CLANG_CXX_LANGUAGE_STANDARD = "gnu++14";
				CLANG_CXX_LIBRARY = "libc++";
				CLANG_ENABLE_MODULES = YES;
				CLANG_ENABLE_OBJC_ARC = YES;
				CLANG_ENABLE_OBJC_WEAK = YES;
				CLANG_WARN_BLOCK_CAPTURE_AUTORELEASING = YES;
				CLANG_WARN_BOOL_CONVERSION = YES;
				CLANG_WARN_COMMA = YES;
				CLANG_WARN_CONSTANT_CONVERSION = YES;
				CLANG_WARN_DEPRECATED_OBJC_IMPLEMENTATIONS = YES;
				CLANG_WARN_DIRECT_OBJC_ISA_USAGE = YES_ERROR;
				CLANG_WARN_DOCUMENTATION_COMMENTS = YES;
				CLANG_WARN_EMPTY_BODY = YES;
				CLANG_WARN_ENUM_CONVERSION = YES;
				CLANG_WARN_INFINITE_RECURSION = YES;
				CLANG_WARN_INT_CONVERSION = YES;
				CLANG_WARN_NON_LITERAL_NULL_CONVERSION = YES;
				CLANG_WARN_OBJC_IMPLICIT_RETAIN_SELF = YES;
				CLANG_WARN_OBJC_LITERAL_CONVERSION = YES;
				CLANG_WARN_OBJC_ROOT_CLASS = YES_ERROR;
				CLANG_WARN_RANGE_LOOP_ANALYSIS = YES;
				CLANG_WARN_STRICT_PROTOTYPES = YES;
				CLANG_WARN_SUSPICIOUS_MOVE = YES;
				CLANG_WARN_UNGUARDED_AVAILABILITY = YES_AGGRESSIVE;
				CLANG_WARN_UNREACHABLE_CODE = YES;
				CLANG_WARN__DUPLICATE_METHOD_MATCH = YES;
				CODE_SIGN_IDENTITY = "-";
				COPY_PHASE_STRIP = NO;
				DEBUG_INFORMATION_FORMAT = "dwarf-with-dsym";
				ENABLE_NS_ASSERTIONS = NO;
				ENABLE_STRICT_OBJC_MSGSEND = YES;
				GCC_C_LANGUAGE_STANDARD = gnu11;
				GCC_NO_COMMON_BLOCKS = YES;
				GCC_WARN_64_TO_32_BIT_CONVERSION = YES;
				GCC_WARN_ABOUT_RETURN_TYPE = YES_ERROR;
				GCC_WARN_UNDECLARED_SELECTOR = YES;
				GCC_WARN_UNINITIALIZED_AUTOS = YES_AGGRESSIVE;
				GCC_WARN_UNUSED_FUNCTION = YES;
				GCC_WARN_UNUSED_VARIABLE = YES;
				MACOSX_DEPLOYMENT_TARGET = 10.14;
				MTL_ENABLE_DEBUG_INFO = NO;
				MTL_FAST_MATH = YES;
				SDKROOT = macosx;
			};
			name = Release;
		};
		37401B8E21BD5E880018F832 /* Debug */ = {
			isa = XCBuildConfiguration;
			buildSettings = {
				CODE_SIGN_STYLE = Automatic;
				"GCC_PREPROCESSOR_DEFINITIONS[arch=*]" = ON_UNIX;
				PRODUCT_NAME = "$(TARGET_NAME)";
			};
			name = Debug;
		};
		37401B8F21BD5E880018F832 /* Release */ = {
			isa = XCBuildConfiguration;
			buildSettings = {
				CODE_SIGN_STYLE = Automatic;
				PRODUCT_NAME = "$(TARGET_NAME)";
			};
			name = Release;
		};
/* End XCBuildConfiguration section */

/* Begin XCConfigurationList section */
		37401B8121BD5E870018F832 /* Build configuration list for PBXProject "MacOS" */ = {
			isa = XCConfigurationList;
			buildConfigurations = (
				37401B8B21BD5E880018F832 /* Debug */,
				37401B8C21BD5E880018F832 /* Release */,
			);
			defaultConfigurationIsVisible = 0;
			defaultConfigurationName = Release;
		};
		37401B8D21BD5E880018F832 /* Build configuration list for PBXNativeTarget "MacOS" */ = {
			isa = XCConfigurationList;
			buildConfigurations = (
				37401B8E21BD5E880018F832 /* Debug */,
				37401B8F21BD5E880018F832 /* Release */,
			);
			defaultConfigurationIsVisible = 0;
			defaultConfigurationName = Release;
		};
/* End XCConfigurationList section */
	};
	rootObject = 37401B7E21BD5E870018F832 /* Project object */;
}
