// !$*UTF8*$!
{
	archiveVersion = 1;
	classes = {
	};
	objectVersion = 50;
	objects = {

/* Begin PBXBuildFile section */
		377EA68E218B63E700CFCAED /* sample.c in Sources */ = {isa = PBXBuildFile; fileRef = 377EA66D218B63E700CFCAED /* sample.c */; };
		377EA68F218B63E700CFCAED /* log.c in Sources */ = {isa = PBXBuildFile; fileRef = 377EA66F218B63E700CFCAED /* log.c */; };
		377EA690218B63E700CFCAED /* ClassString.c in Sources */ = {isa = PBXBuildFile; fileRef = 377EA672218B63E700CFCAED /* ClassString.c */; };
		377EA691218B63E700CFCAED /* buffer.c in Sources */ = {isa = PBXBuildFile; fileRef = 377EA678218B63E700CFCAED /* buffer.c */; };
		377EA692218B63E700CFCAED /* list.c in Sources */ = {isa = PBXBuildFile; fileRef = 377EA679218B63E700CFCAED /* list.c */; };
		377EA693218B63E700CFCAED /* list_iterator.c in Sources */ = {isa = PBXBuildFile; fileRef = 377EA67A218B63E700CFCAED /* list_iterator.c */; };
		377EA694218B63E700CFCAED /* list_node.c in Sources */ = {isa = PBXBuildFile; fileRef = 377EA67B218B63E700CFCAED /* list_node.c */; };
		377EA695218B63E700CFCAED /* Makefile in Sources */ = {isa = PBXBuildFile; fileRef = 377EA683218B63E700CFCAED /* Makefile */; };
		377EA696218B63E700CFCAED /* unix_misc.c in Sources */ = {isa = PBXBuildFile; fileRef = 377EA685218B63E700CFCAED /* unix_misc.c */; };
		377EA697218B63E700CFCAED /* sample.c in Sources */ = {isa = PBXBuildFile; fileRef = 377EA688218B63E700CFCAED /* sample.c */; };
		377EA698218B63E700CFCAED /* microrl.c in Sources */ = {isa = PBXBuildFile; fileRef = 377EA68A218B63E700CFCAED /* microrl.c */; };
/* End PBXBuildFile section */

/* Begin PBXCopyFilesBuildPhase section */
		377EA65F218B63CE00CFCAED /* CopyFiles */ = {
			isa = PBXCopyFilesBuildPhase;
			buildActionMask = 2147483647;
			dstPath = /usr/share/man/man1/;
			dstSubfolderSpec = 0;
			files = (
			);
			runOnlyForDeploymentPostprocessing = 1;
		};
/* End PBXCopyFilesBuildPhase section */

/* Begin PBXFileReference section */
		377EA661218B63CE00CFCAED /* MacOS */ = {isa = PBXFileReference; explicitFileType = "compiled.mach-o.executable"; includeInIndex = 0; path = MacOS; sourceTree = BUILT_PRODUCTS_DIR; };
		377EA66D218B63E700CFCAED /* sample.c */ = {isa = PBXFileReference; fileEncoding = 4; lastKnownFileType = sourcecode.c.c; path = sample.c; sourceTree = "<group>"; };
		377EA66F218B63E700CFCAED /* log.c */ = {isa = PBXFileReference; fileEncoding = 4; lastKnownFileType = sourcecode.c.c; path = log.c; sourceTree = "<group>"; };
		377EA671218B63E700CFCAED /* ClassString.h */ = {isa = PBXFileReference; fileEncoding = 4; lastKnownFileType = sourcecode.c.h; path = ClassString.h; sourceTree = "<group>"; };
		377EA672218B63E700CFCAED /* ClassString.c */ = {isa = PBXFileReference; fileEncoding = 4; lastKnownFileType = sourcecode.c.c; path = ClassString.c; sourceTree = "<group>"; };
		377EA674218B63E700CFCAED /* stdint.h */ = {isa = PBXFileReference; fileEncoding = 4; lastKnownFileType = sourcecode.c.h; path = stdint.h; sourceTree = "<group>"; };
		377EA675218B63E700CFCAED /* CMakeLists.txt */ = {isa = PBXFileReference; fileEncoding = 4; lastKnownFileType = text; path = CMakeLists.txt; sourceTree = "<group>"; };
		377EA678218B63E700CFCAED /* buffer.c */ = {isa = PBXFileReference; fileEncoding = 4; lastKnownFileType = sourcecode.c.c; path = buffer.c; sourceTree = "<group>"; };
		377EA679218B63E700CFCAED /* list.c */ = {isa = PBXFileReference; fileEncoding = 4; lastKnownFileType = sourcecode.c.c; path = list.c; sourceTree = "<group>"; };
		377EA67A218B63E700CFCAED /* list_iterator.c */ = {isa = PBXFileReference; fileEncoding = 4; lastKnownFileType = sourcecode.c.c; path = list_iterator.c; sourceTree = "<group>"; };
		377EA67B218B63E700CFCAED /* list_node.c */ = {isa = PBXFileReference; fileEncoding = 4; lastKnownFileType = sourcecode.c.c; path = list_node.c; sourceTree = "<group>"; };
		377EA67D218B63E700CFCAED /* list.h */ = {isa = PBXFileReference; fileEncoding = 4; lastKnownFileType = sourcecode.c.h; path = list.h; sourceTree = "<group>"; };
		377EA67E218B63E700CFCAED /* buffer.h */ = {isa = PBXFileReference; fileEncoding = 4; lastKnownFileType = sourcecode.c.h; path = buffer.h; sourceTree = "<group>"; };
		377EA67F218B63E700CFCAED /* common.h */ = {isa = PBXFileReference; fileEncoding = 4; lastKnownFileType = sourcecode.c.h; path = common.h; sourceTree = "<group>"; };
		377EA680218B63E700CFCAED /* log.h */ = {isa = PBXFileReference; fileEncoding = 4; lastKnownFileType = sourcecode.c.h; path = log.h; sourceTree = "<group>"; };
		377EA682218B63E700CFCAED /* LICENSE */ = {isa = PBXFileReference; fileEncoding = 4; lastKnownFileType = text; path = LICENSE; sourceTree = "<group>"; };
		377EA683218B63E700CFCAED /* Makefile */ = {isa = PBXFileReference; fileEncoding = 4; lastKnownFileType = sourcecode.make; path = Makefile; sourceTree = "<group>"; };
		377EA685218B63E700CFCAED /* unix_misc.c */ = {isa = PBXFileReference; fileEncoding = 4; lastKnownFileType = sourcecode.c.c; path = unix_misc.c; sourceTree = "<group>"; };
		377EA686218B63E700CFCAED /* platform_port.h */ = {isa = PBXFileReference; fileEncoding = 4; lastKnownFileType = sourcecode.c.h; path = platform_port.h; sourceTree = "<group>"; };
		377EA687218B63E700CFCAED /* console_config.h */ = {isa = PBXFileReference; fileEncoding = 4; lastKnownFileType = sourcecode.c.h; path = console_config.h; sourceTree = "<group>"; };
		377EA688218B63E700CFCAED /* sample.c */ = {isa = PBXFileReference; fileEncoding = 4; lastKnownFileType = sourcecode.c.c; path = sample.c; sourceTree = "<group>"; };
		377EA68A218B63E700CFCAED /* microrl.c */ = {isa = PBXFileReference; fileEncoding = 4; lastKnownFileType = sourcecode.c.c; path = microrl.c; sourceTree = "<group>"; };
		377EA68B218B63E700CFCAED /* microrl.h */ = {isa = PBXFileReference; fileEncoding = 4; lastKnownFileType = sourcecode.c.h; path = microrl.h; sourceTree = "<group>"; };
		377EA68D218B63E700CFCAED /* console_api.h */ = {isa = PBXFileReference; fileEncoding = 4; lastKnownFileType = sourcecode.c.h; path = console_api.h; sourceTree = "<group>"; };
/* End PBXFileReference section */

/* Begin PBXFrameworksBuildPhase section */
		377EA65E218B63CE00CFCAED /* Frameworks */ = {
			isa = PBXFrameworksBuildPhase;
			buildActionMask = 2147483647;
			files = (
			);
			runOnlyForDeploymentPostprocessing = 0;
		};
/* End PBXFrameworksBuildPhase section */

/* Begin PBXGroup section */
		377EA658218B63CE00CFCAED = {
			isa = PBXGroup;
			children = (
				377EA66B218B63E700CFCAED /* src */,
				377EA662218B63CE00CFCAED /* Products */,
			);
			sourceTree = "<group>";
		};
		377EA662218B63CE00CFCAED /* Products */ = {
			isa = PBXGroup;
			children = (
				377EA661218B63CE00CFCAED /* MacOS */,
			);
			name = Products;
			sourceTree = "<group>";
		};
		377EA66B218B63E700CFCAED /* src */ = {
			isa = PBXGroup;
			children = (
				377EA66C218B63E700CFCAED /* app */,
				377EA66E218B63E700CFCAED /* libraries */,
			);
			name = src;
			path = ../src;
			sourceTree = "<group>";
		};
		377EA66C218B63E700CFCAED /* app */ = {
			isa = PBXGroup;
			children = (
				377EA66D218B63E700CFCAED /* sample.c */,
			);
			path = app;
			sourceTree = "<group>";
		};
		377EA66E218B63E700CFCAED /* libraries */ = {
			isa = PBXGroup;
			children = (
				377EA66F218B63E700CFCAED /* log.c */,
				377EA670218B63E700CFCAED /* classString */,
				377EA673218B63E700CFCAED /* stdHeader */,
				377EA675218B63E700CFCAED /* CMakeLists.txt */,
				377EA676218B63E700CFCAED /* dataStructure */,
				377EA67F218B63E700CFCAED /* common.h */,
				377EA680218B63E700CFCAED /* log.h */,
				377EA681218B63E700CFCAED /* console */,
			);
			path = libraries;
			sourceTree = "<group>";
		};
		377EA670218B63E700CFCAED /* classString */ = {
			isa = PBXGroup;
			children = (
				377EA671218B63E700CFCAED /* ClassString.h */,
				377EA672218B63E700CFCAED /* ClassString.c */,
			);
			path = classString;
			sourceTree = "<group>";
		};
		377EA673218B63E700CFCAED /* stdHeader */ = {
			isa = PBXGroup;
			children = (
				377EA674218B63E700CFCAED /* stdint.h */,
			);
			path = stdHeader;
			sourceTree = "<group>";
		};
		377EA676218B63E700CFCAED /* dataStructure */ = {
			isa = PBXGroup;
			children = (
				377EA677218B63E700CFCAED /* implement */,
				377EA67C218B63E700CFCAED /* api */,
			);
			path = dataStructure;
			sourceTree = "<group>";
		};
		377EA677218B63E700CFCAED /* implement */ = {
			isa = PBXGroup;
			children = (
				377EA678218B63E700CFCAED /* buffer.c */,
				377EA679218B63E700CFCAED /* list.c */,
				377EA67A218B63E700CFCAED /* list_iterator.c */,
				377EA67B218B63E700CFCAED /* list_node.c */,
			);
			path = implement;
			sourceTree = "<group>";
		};
		377EA67C218B63E700CFCAED /* api */ = {
			isa = PBXGroup;
			children = (
				377EA67D218B63E700CFCAED /* list.h */,
				377EA67E218B63E700CFCAED /* buffer.h */,
			);
			path = api;
			sourceTree = "<group>";
		};
		377EA681218B63E700CFCAED /* console */ = {
			isa = PBXGroup;
			children = (
				377EA682218B63E700CFCAED /* LICENSE */,
				377EA683218B63E700CFCAED /* Makefile */,
				377EA684218B63E700CFCAED /* portable */,
				377EA688218B63E700CFCAED /* sample.c */,
				377EA689218B63E700CFCAED /* implement */,
				377EA68C218B63E700CFCAED /* api */,
			);
			path = console;
			sourceTree = "<group>";
		};
		377EA684218B63E700CFCAED /* portable */ = {
			isa = PBXGroup;
			children = (
				377EA685218B63E700CFCAED /* unix_misc.c */,
				377EA686218B63E700CFCAED /* platform_port.h */,
				377EA687218B63E700CFCAED /* console_config.h */,
			);
			path = portable;
			sourceTree = "<group>";
		};
		377EA689218B63E700CFCAED /* implement */ = {
			isa = PBXGroup;
			children = (
				377EA68A218B63E700CFCAED /* microrl.c */,
				377EA68B218B63E700CFCAED /* microrl.h */,
			);
			path = implement;
			sourceTree = "<group>";
		};
		377EA68C218B63E700CFCAED /* api */ = {
			isa = PBXGroup;
			children = (
				377EA68D218B63E700CFCAED /* console_api.h */,
			);
			path = api;
			sourceTree = "<group>";
		};
/* End PBXGroup section */

/* Begin PBXNativeTarget section */
		377EA660218B63CE00CFCAED /* MacOS */ = {
			isa = PBXNativeTarget;
			buildConfigurationList = 377EA668218B63CE00CFCAED /* Build configuration list for PBXNativeTarget "MacOS" */;
			buildPhases = (
				377EA65D218B63CE00CFCAED /* Sources */,
				377EA65E218B63CE00CFCAED /* Frameworks */,
				377EA65F218B63CE00CFCAED /* CopyFiles */,
			);
			buildRules = (
			);
			dependencies = (
			);
			name = MacOS;
			productName = MacOS;
			productReference = 377EA661218B63CE00CFCAED /* MacOS */;
			productType = "com.apple.product-type.tool";
		};
/* End PBXNativeTarget section */

/* Begin PBXProject section */
		377EA659218B63CE00CFCAED /* Project object */ = {
			isa = PBXProject;
			attributes = {
				LastUpgradeCheck = 1010;
				ORGANIZATIONNAME = "亚洲";
				TargetAttributes = {
					377EA660218B63CE00CFCAED = {
						CreatedOnToolsVersion = 10.1;
					};
				};
			};
			buildConfigurationList = 377EA65C218B63CE00CFCAED /* Build configuration list for PBXProject "MacOS" */;
			compatibilityVersion = "Xcode 9.3";
			developmentRegion = en;
			hasScannedForEncodings = 0;
			knownRegions = (
				en,
			);
			mainGroup = 377EA658218B63CE00CFCAED;
			productRefGroup = 377EA662218B63CE00CFCAED /* Products */;
			projectDirPath = "";
			projectRoot = "";
			targets = (
				377EA660218B63CE00CFCAED /* MacOS */,
			);
		};
/* End PBXProject section */

/* Begin PBXSourcesBuildPhase section */
		377EA65D218B63CE00CFCAED /* Sources */ = {
			isa = PBXSourcesBuildPhase;
			buildActionMask = 2147483647;
			files = (
				377EA692218B63E700CFCAED /* list.c in Sources */,
				377EA697218B63E700CFCAED /* sample.c in Sources */,
				377EA694218B63E700CFCAED /* list_node.c in Sources */,
				377EA696218B63E700CFCAED /* unix_misc.c in Sources */,
				377EA698218B63E700CFCAED /* microrl.c in Sources */,
				377EA68F218B63E700CFCAED /* log.c in Sources */,
				377EA68E218B63E700CFCAED /* sample.c in Sources */,
				377EA690218B63E700CFCAED /* ClassString.c in Sources */,
				377EA691218B63E700CFCAED /* buffer.c in Sources */,
				377EA695218B63E700CFCAED /* Makefile in Sources */,
				377EA693218B63E700CFCAED /* list_iterator.c in Sources */,
			);
			runOnlyForDeploymentPostprocessing = 0;
		};
/* End PBXSourcesBuildPhase section */

/* Begin XCBuildConfiguration section */
		377EA666218B63CE00CFCAED /* Debug */ = {
			isa = XCBuildConfiguration;
			buildSettings = {
				ALWAYS_SEARCH_USER_PATHS = NO;
				CLANG_ANALYZER_NONNULL = YES;
				CLANG_ANALYZER_NUMBER_OBJECT_CONVERSION = YES_AGGRESSIVE;
				CLANG_CXX_LANGUAGE_STANDARD = "gnu++14";
				CLANG_CXX_LIBRARY = "libc++";
				CLANG_ENABLE_MODULES = YES;
				CLANG_ENABLE_OBJC_ARC = YES;
				CLANG_ENABLE_OBJC_WEAK = YES;
				CLANG_WARN_BLOCK_CAPTURE_AUTORELEASING = YES;
				CLANG_WARN_BOOL_CONVERSION = YES;
				CLANG_WARN_COMMA = YES;
				CLANG_WARN_CONSTANT_CONVERSION = YES;
				CLANG_WARN_DEPRECATED_OBJC_IMPLEMENTATIONS = YES;
				CLANG_WARN_DIRECT_OBJC_ISA_USAGE = YES_ERROR;
				CLANG_WARN_DOCUMENTATION_COMMENTS = YES;
				CLANG_WARN_EMPTY_BODY = YES;
				CLANG_WARN_ENUM_CONVERSION = YES;
				CLANG_WARN_INFINITE_RECURSION = YES;
				CLANG_WARN_INT_CONVERSION = YES;
				CLANG_WARN_NON_LITERAL_NULL_CONVERSION = YES;
				CLANG_WARN_OBJC_IMPLICIT_RETAIN_SELF = YES;
				CLANG_WARN_OBJC_LITERAL_CONVERSION = YES;
				CLANG_WARN_OBJC_ROOT_CLASS = YES_ERROR;
				CLANG_WARN_RANGE_LOOP_ANALYSIS = YES;
				CLANG_WARN_STRICT_PROTOTYPES = YES;
				CLANG_WARN_SUSPICIOUS_MOVE = YES;
				CLANG_WARN_UNGUARDED_AVAILABILITY = YES_AGGRESSIVE;
				CLANG_WARN_UNREACHABLE_CODE = YES;
				CLANG_WARN__DUPLICATE_METHOD_MATCH = YES;
				CODE_SIGN_IDENTITY = "-";
				COPY_PHASE_STRIP = NO;
				DEBUG_INFORMATION_FORMAT = dwarf;
				ENABLE_STRICT_OBJC_MSGSEND = YES;
				ENABLE_TESTABILITY = YES;
				GCC_C_LANGUAGE_STANDARD = gnu11;
				GCC_DYNAMIC_NO_PIC = NO;
				GCC_NO_COMMON_BLOCKS = YES;
				GCC_OPTIMIZATION_LEVEL = 0;
				GCC_PREPROCESSOR_DEFINITIONS = (
					"DEBUG=1",
					"$(inherited)",
				);
				GCC_WARN_64_TO_32_BIT_CONVERSION = YES;
				GCC_WARN_ABOUT_RETURN_TYPE = YES_ERROR;
				GCC_WARN_UNDECLARED_SELECTOR = YES;
				GCC_WARN_UNINITIALIZED_AUTOS = YES_AGGRESSIVE;
				GCC_WARN_UNUSED_FUNCTION = YES;
				GCC_WARN_UNUSED_VARIABLE = YES;
				MACOSX_DEPLOYMENT_TARGET = 10.14;
				MTL_ENABLE_DEBUG_INFO = INCLUDE_SOURCE;
				MTL_FAST_MATH = YES;
				ONLY_ACTIVE_ARCH = YES;
				SDKROOT = macosx;
			};
			name = Debug;
		};
		377EA667218B63CE00CFCAED /* Release */ = {
			isa = XCBuildConfiguration;
			buildSettings = {
				ALWAYS_SEARCH_USER_PATHS = NO;
				CLANG_ANALYZER_NONNULL = YES;
				CLANG_ANALYZER_NUMBER_OBJECT_CONVERSION = YES_AGGRESSIVE;
				CLANG_CXX_LANGUAGE_STANDARD = "gnu++14";
				CLANG_CXX_LIBRARY = "libc++";
				CLANG_ENABLE_MODULES = YES;
				CLANG_ENABLE_OBJC_ARC = YES;
				CLANG_ENABLE_OBJC_WEAK = YES;
				CLANG_WARN_BLOCK_CAPTURE_AUTORELEASING = YES;
				CLANG_WARN_BOOL_CONVERSION = YES;
				CLANG_WARN_COMMA = YES;
				CLANG_WARN_CONSTANT_CONVERSION = YES;
				CLANG_WARN_DEPRECATED_OBJC_IMPLEMENTATIONS = YES;
				CLANG_WARN_DIRECT_OBJC_ISA_USAGE = YES_ERROR;
				CLANG_WARN_DOCUMENTATION_COMMENTS = YES;
				CLANG_WARN_EMPTY_BODY = YES;
				CLANG_WARN_ENUM_CONVERSION = YES;
				CLANG_WARN_INFINITE_RECURSION = YES;
				CLANG_WARN_INT_CONVERSION = YES;
				CLANG_WARN_NON_LITERAL_NULL_CONVERSION = YES;
				CLANG_WARN_OBJC_IMPLICIT_RETAIN_SELF = YES;
				CLANG_WARN_OBJC_LITERAL_CONVERSION = YES;
				CLANG_WARN_OBJC_ROOT_CLASS = YES_ERROR;
				CLANG_WARN_RANGE_LOOP_ANALYSIS = YES;
				CLANG_WARN_STRICT_PROTOTYPES = YES;
				CLANG_WARN_SUSPICIOUS_MOVE = YES;
				CLANG_WARN_UNGUARDED_AVAILABILITY = YES_AGGRESSIVE;
				CLANG_WARN_UNREACHABLE_CODE = YES;
				CLANG_WARN__DUPLICATE_METHOD_MATCH = YES;
				CODE_SIGN_IDENTITY = "-";
				COPY_PHASE_STRIP = NO;
				DEBUG_INFORMATION_FORMAT = "dwarf-with-dsym";
				ENABLE_NS_ASSERTIONS = NO;
				ENABLE_STRICT_OBJC_MSGSEND = YES;
				GCC_C_LANGUAGE_STANDARD = gnu11;
				GCC_NO_COMMON_BLOCKS = YES;
				GCC_WARN_64_TO_32_BIT_CONVERSION = YES;
				GCC_WARN_ABOUT_RETURN_TYPE = YES_ERROR;
				GCC_WARN_UNDECLARED_SELECTOR = YES;
				GCC_WARN_UNINITIALIZED_AUTOS = YES_AGGRESSIVE;
				GCC_WARN_UNUSED_FUNCTION = YES;
				GCC_WARN_UNUSED_VARIABLE = YES;
				MACOSX_DEPLOYMENT_TARGET = 10.14;
				MTL_ENABLE_DEBUG_INFO = NO;
				MTL_FAST_MATH = YES;
				SDKROOT = macosx;
			};
			name = Release;
		};
		377EA669218B63CE00CFCAED /* Debug */ = {
			isa = XCBuildConfiguration;
			buildSettings = {
				CODE_SIGN_STYLE = Automatic;
				PRODUCT_NAME = "$(TARGET_NAME)";
			};
			name = Debug;
		};
		377EA66A218B63CE00CFCAED /* Release */ = {
			isa = XCBuildConfiguration;
			buildSettings = {
				CODE_SIGN_STYLE = Automatic;
				PRODUCT_NAME = "$(TARGET_NAME)";
			};
			name = Release;
		};
/* End XCBuildConfiguration section */

/* Begin XCConfigurationList section */
		377EA65C218B63CE00CFCAED /* Build configuration list for PBXProject "MacOS" */ = {
			isa = XCConfigurationList;
			buildConfigurations = (
				377EA666218B63CE00CFCAED /* Debug */,
				377EA667218B63CE00CFCAED /* Release */,
			);
			defaultConfigurationIsVisible = 0;
			defaultConfigurationName = Release;
		};
		377EA668218B63CE00CFCAED /* Build configuration list for PBXNativeTarget "MacOS" */ = {
			isa = XCConfigurationList;
			buildConfigurations = (
				377EA669218B63CE00CFCAED /* Debug */,
				377EA66A218B63CE00CFCAED /* Release */,
			);
			defaultConfigurationIsVisible = 0;
			defaultConfigurationName = Release;
		};
/* End XCConfigurationList section */
	};
	rootObject = 377EA659218B63CE00CFCAED /* Project object */;
}
