// !$*UTF8*$!
{
	archiveVersion = 1;
	classes = {
	};
	objectVersion = 50;
	objects = {

/* Begin PBXBuildFile section */
		37F1DC352184581D00C35DCD /* app.c in Sources */ = {isa = PBXBuildFile; fileRef = 37F1DC142184581C00C35DCD /* app.c */; };
		37F1DC362184581D00C35DCD /* log.c in Sources */ = {isa = PBXBuildFile; fileRef = 37F1DC162184581D00C35DCD /* log.c */; };
		37F1DC372184581D00C35DCD /* buffer.c in Sources */ = {isa = PBXBuildFile; fileRef = 37F1DC1A2184581D00C35DCD /* buffer.c */; };
		37F1DC382184581D00C35DCD /* list.c in Sources */ = {isa = PBXBuildFile; fileRef = 37F1DC1B2184581D00C35DCD /* list.c */; };
		37F1DC392184581D00C35DCD /* list_iterator.c in Sources */ = {isa = PBXBuildFile; fileRef = 37F1DC1C2184581D00C35DCD /* list_iterator.c */; };
		37F1DC3A2184581D00C35DCD /* list_node.c in Sources */ = {isa = PBXBuildFile; fileRef = 37F1DC202184581D00C35DCD /* list_node.c */; };
		37F1DC3B2184581D00C35DCD /* ClassString.c in Sources */ = {isa = PBXBuildFile; fileRef = 37F1DC252184581D00C35DCD /* ClassString.c */; };
		37F1DC3C2184581D00C35DCD /* Makefile in Sources */ = {isa = PBXBuildFile; fileRef = 37F1DC2A2184581D00C35DCD /* Makefile */; };
		37F1DC3D2184581D00C35DCD /* sample.c in Sources */ = {isa = PBXBuildFile; fileRef = 37F1DC2B2184581D00C35DCD /* sample.c */; };
		37F1DC3E2184581D00C35DCD /* microrl.c in Sources */ = {isa = PBXBuildFile; fileRef = 37F1DC2D2184581D00C35DCD /* microrl.c */; };
		37F1DC3F2184581D00C35DCD /* unix_misc.c in Sources */ = {isa = PBXBuildFile; fileRef = 37F1DC302184581D00C35DCD /* unix_misc.c */; };
/* End PBXBuildFile section */

/* Begin PBXCopyFilesBuildPhase section */
		37F1DC07218457D000C35DCD /* CopyFiles */ = {
			isa = PBXCopyFilesBuildPhase;
			buildActionMask = 2147483647;
			dstPath = /usr/share/man/man1/;
			dstSubfolderSpec = 0;
			files = (
			);
			runOnlyForDeploymentPostprocessing = 1;
		};
/* End PBXCopyFilesBuildPhase section */

/* Begin PBXFileReference section */
		37F1DC09218457D000C35DCD /* cutlassXcodeProject */ = {isa = PBXFileReference; explicitFileType = "compiled.mach-o.executable"; includeInIndex = 0; path = cutlassXcodeProject; sourceTree = BUILT_PRODUCTS_DIR; };
		37F1DC142184581C00C35DCD /* app.c */ = {isa = PBXFileReference; fileEncoding = 4; lastKnownFileType = sourcecode.c.c; path = app.c; sourceTree = "<group>"; };
		37F1DC162184581D00C35DCD /* log.c */ = {isa = PBXFileReference; fileEncoding = 4; lastKnownFileType = sourcecode.c.c; path = log.c; sourceTree = "<group>"; };
		37F1DC182184581D00C35DCD /* stdint.h */ = {isa = PBXFileReference; fileEncoding = 4; lastKnownFileType = sourcecode.c.h; path = stdint.h; sourceTree = "<group>"; };
		37F1DC1A2184581D00C35DCD /* buffer.c */ = {isa = PBXFileReference; fileEncoding = 4; lastKnownFileType = sourcecode.c.c; path = buffer.c; sourceTree = "<group>"; };
		37F1DC1B2184581D00C35DCD /* list.c */ = {isa = PBXFileReference; fileEncoding = 4; lastKnownFileType = sourcecode.c.c; path = list.c; sourceTree = "<group>"; };
		37F1DC1C2184581D00C35DCD /* list_iterator.c */ = {isa = PBXFileReference; fileEncoding = 4; lastKnownFileType = sourcecode.c.c; path = list_iterator.c; sourceTree = "<group>"; };
		37F1DC1E2184581D00C35DCD /* list.h */ = {isa = PBXFileReference; fileEncoding = 4; lastKnownFileType = sourcecode.c.h; path = list.h; sourceTree = "<group>"; };
		37F1DC1F2184581D00C35DCD /* buffer.h */ = {isa = PBXFileReference; fileEncoding = 4; lastKnownFileType = sourcecode.c.h; path = buffer.h; sourceTree = "<group>"; };
		37F1DC202184581D00C35DCD /* list_node.c */ = {isa = PBXFileReference; fileEncoding = 4; lastKnownFileType = sourcecode.c.c; path = list_node.c; sourceTree = "<group>"; };
		37F1DC212184581D00C35DCD /* common.h */ = {isa = PBXFileReference; fileEncoding = 4; lastKnownFileType = sourcecode.c.h; path = common.h; sourceTree = "<group>"; };
		37F1DC222184581D00C35DCD /* log.h */ = {isa = PBXFileReference; fileEncoding = 4; lastKnownFileType = sourcecode.c.h; path = log.h; sourceTree = "<group>"; };
		37F1DC242184581D00C35DCD /* ClassString.h */ = {isa = PBXFileReference; fileEncoding = 4; lastKnownFileType = sourcecode.c.h; path = ClassString.h; sourceTree = "<group>"; };
		37F1DC252184581D00C35DCD /* ClassString.c */ = {isa = PBXFileReference; fileEncoding = 4; lastKnownFileType = sourcecode.c.c; path = ClassString.c; sourceTree = "<group>"; };
		37F1DC282184581D00C35DCD /* console_api.h */ = {isa = PBXFileReference; fileEncoding = 4; lastKnownFileType = sourcecode.c.h; path = console_api.h; sourceTree = "<group>"; };
		37F1DC292184581D00C35DCD /* LICENSE */ = {isa = PBXFileReference; fileEncoding = 4; lastKnownFileType = text; path = LICENSE; sourceTree = "<group>"; };
		37F1DC2A2184581D00C35DCD /* Makefile */ = {isa = PBXFileReference; fileEncoding = 4; lastKnownFileType = sourcecode.make; path = Makefile; sourceTree = "<group>"; };
		37F1DC2B2184581D00C35DCD /* sample.c */ = {isa = PBXFileReference; fileEncoding = 4; lastKnownFileType = sourcecode.c.c; path = sample.c; sourceTree = "<group>"; };
		37F1DC2D2184581D00C35DCD /* microrl.c */ = {isa = PBXFileReference; fileEncoding = 4; lastKnownFileType = sourcecode.c.c; path = microrl.c; sourceTree = "<group>"; };
		37F1DC2E2184581D00C35DCD /* microrl.h */ = {isa = PBXFileReference; fileEncoding = 4; lastKnownFileType = sourcecode.c.h; path = microrl.h; sourceTree = "<group>"; };
		37F1DC302184581D00C35DCD /* unix_misc.c */ = {isa = PBXFileReference; fileEncoding = 4; lastKnownFileType = sourcecode.c.c; path = unix_misc.c; sourceTree = "<group>"; };
		37F1DC312184581D00C35DCD /* platform_port.h */ = {isa = PBXFileReference; fileEncoding = 4; lastKnownFileType = sourcecode.c.h; path = platform_port.h; sourceTree = "<group>"; };
		37F1DC322184581D00C35DCD /* console_config.h */ = {isa = PBXFileReference; fileEncoding = 4; lastKnownFileType = sourcecode.c.h; path = console_config.h; sourceTree = "<group>"; };
		37F1DC332184581D00C35DCD /* LICENSE */ = {isa = PBXFileReference; fileEncoding = 4; lastKnownFileType = text; name = LICENSE; path = ../LICENSE; sourceTree = "<group>"; };
		37F1DC342184581D00C35DCD /* README.md */ = {isa = PBXFileReference; fileEncoding = 4; lastKnownFileType = net.daringfireball.markdown; name = README.md; path = ../README.md; sourceTree = "<group>"; };
/* End PBXFileReference section */

/* Begin PBXFrameworksBuildPhase section */
		37F1DC06218457D000C35DCD /* Frameworks */ = {
			isa = PBXFrameworksBuildPhase;
			buildActionMask = 2147483647;
			files = (
			);
			runOnlyForDeploymentPostprocessing = 0;
		};
/* End PBXFrameworksBuildPhase section */

/* Begin PBXGroup section */
		37F1DC00218457D000C35DCD = {
			isa = PBXGroup;
			children = (
				37F1DC132184581C00C35DCD /* app */,
				37F1DC152184581D00C35DCD /* Library */,
				37F1DC332184581D00C35DCD /* LICENSE */,
				37F1DC342184581D00C35DCD /* README.md */,
				37F1DC0A218457D000C35DCD /* Products */,
			);
			sourceTree = "<group>";
		};
		37F1DC0A218457D000C35DCD /* Products */ = {
			isa = PBXGroup;
			children = (
				37F1DC09218457D000C35DCD /* cutlassXcodeProject */,
			);
			name = Products;
			sourceTree = "<group>";
		};
		37F1DC132184581C00C35DCD /* app */ = {
			isa = PBXGroup;
			children = (
				37F1DC142184581C00C35DCD /* app.c */,
			);
			name = app;
			path = ../app;
			sourceTree = "<group>";
		};
		37F1DC152184581D00C35DCD /* Library */ = {
			isa = PBXGroup;
			children = (
				37F1DC162184581D00C35DCD /* log.c */,
				37F1DC172184581D00C35DCD /* stdHeader */,
				37F1DC192184581D00C35DCD /* DataStructure */,
				37F1DC212184581D00C35DCD /* common.h */,
				37F1DC222184581D00C35DCD /* log.h */,
				37F1DC232184581D00C35DCD /* string */,
				37F1DC262184581D00C35DCD /* console */,
			);
			name = Library;
			path = ../Library;
			sourceTree = "<group>";
		};
		37F1DC172184581D00C35DCD /* stdHeader */ = {
			isa = PBXGroup;
			children = (
				37F1DC182184581D00C35DCD /* stdint.h */,
			);
			path = stdHeader;
			sourceTree = "<group>";
		};
		37F1DC192184581D00C35DCD /* DataStructure */ = {
			isa = PBXGroup;
			children = (
				37F1DC1A2184581D00C35DCD /* buffer.c */,
				37F1DC1B2184581D00C35DCD /* list.c */,
				37F1DC1C2184581D00C35DCD /* list_iterator.c */,
				37F1DC1D2184581D00C35DCD /* api */,
				37F1DC202184581D00C35DCD /* list_node.c */,
			);
			path = DataStructure;
			sourceTree = "<group>";
		};
		37F1DC1D2184581D00C35DCD /* api */ = {
			isa = PBXGroup;
			children = (
				37F1DC1E2184581D00C35DCD /* list.h */,
				37F1DC1F2184581D00C35DCD /* buffer.h */,
			);
			path = api;
			sourceTree = "<group>";
		};
		37F1DC232184581D00C35DCD /* string */ = {
			isa = PBXGroup;
			children = (
				37F1DC242184581D00C35DCD /* ClassString.h */,
				37F1DC252184581D00C35DCD /* ClassString.c */,
			);
			path = string;
			sourceTree = "<group>";
		};
		37F1DC262184581D00C35DCD /* console */ = {
			isa = PBXGroup;
			children = (
				37F1DC272184581D00C35DCD /* interface */,
				37F1DC292184581D00C35DCD /* LICENSE */,
				37F1DC2A2184581D00C35DCD /* Makefile */,
				37F1DC2B2184581D00C35DCD /* sample.c */,
				37F1DC2C2184581D00C35DCD /* implement */,
				37F1DC2F2184581D00C35DCD /* adaptation */,
			);
			path = console;
			sourceTree = "<group>";
		};
		37F1DC272184581D00C35DCD /* interface */ = {
			isa = PBXGroup;
			children = (
				37F1DC282184581D00C35DCD /* console_api.h */,
			);
			path = interface;
			sourceTree = "<group>";
		};
		37F1DC2C2184581D00C35DCD /* implement */ = {
			isa = PBXGroup;
			children = (
				37F1DC2D2184581D00C35DCD /* microrl.c */,
				37F1DC2E2184581D00C35DCD /* microrl.h */,
			);
			path = implement;
			sourceTree = "<group>";
		};
		37F1DC2F2184581D00C35DCD /* adaptation */ = {
			isa = PBXGroup;
			children = (
				37F1DC302184581D00C35DCD /* unix_misc.c */,
				37F1DC312184581D00C35DCD /* platform_port.h */,
				37F1DC322184581D00C35DCD /* console_config.h */,
			);
			path = adaptation;
			sourceTree = "<group>";
		};
/* End PBXGroup section */

/* Begin PBXNativeTarget section */
		37F1DC08218457D000C35DCD /* cutlassXcodeProject */ = {
			isa = PBXNativeTarget;
			buildConfigurationList = 37F1DC10218457D000C35DCD /* Build configuration list for PBXNativeTarget "cutlassXcodeProject" */;
			buildPhases = (
				37F1DC05218457D000C35DCD /* Sources */,
				37F1DC06218457D000C35DCD /* Frameworks */,
				37F1DC07218457D000C35DCD /* CopyFiles */,
			);
			buildRules = (
			);
			dependencies = (
			);
			name = cutlassXcodeProject;
			productName = cutlassXcodeProject;
			productReference = 37F1DC09218457D000C35DCD /* cutlassXcodeProject */;
			productType = "com.apple.product-type.tool";
		};
/* End PBXNativeTarget section */

/* Begin PBXProject section */
		37F1DC01218457D000C35DCD /* Project object */ = {
			isa = PBXProject;
			attributes = {
				LastUpgradeCheck = 1000;
				ORGANIZATIONNAME = "亚洲";
				TargetAttributes = {
					37F1DC08218457D000C35DCD = {
						CreatedOnToolsVersion = 10.0;
					};
				};
			};
			buildConfigurationList = 37F1DC04218457D000C35DCD /* Build configuration list for PBXProject "cutlassXcodeProject" */;
			compatibilityVersion = "Xcode 9.3";
			developmentRegion = en;
			hasScannedForEncodings = 0;
			knownRegions = (
				en,
			);
			mainGroup = 37F1DC00218457D000C35DCD;
			productRefGroup = 37F1DC0A218457D000C35DCD /* Products */;
			projectDirPath = "";
			projectRoot = "";
			targets = (
				37F1DC08218457D000C35DCD /* cutlassXcodeProject */,
			);
		};
/* End PBXProject section */

/* Begin PBXSourcesBuildPhase section */
		37F1DC05218457D000C35DCD /* Sources */ = {
			isa = PBXSourcesBuildPhase;
			buildActionMask = 2147483647;
			files = (
				37F1DC3C2184581D00C35DCD /* Makefile in Sources */,
				37F1DC3D2184581D00C35DCD /* sample.c in Sources */,
				37F1DC382184581D00C35DCD /* list.c in Sources */,
				37F1DC3A2184581D00C35DCD /* list_node.c in Sources */,
				37F1DC3E2184581D00C35DCD /* microrl.c in Sources */,
				37F1DC362184581D00C35DCD /* log.c in Sources */,
				37F1DC3B2184581D00C35DCD /* ClassString.c in Sources */,
				37F1DC352184581D00C35DCD /* app.c in Sources */,
				37F1DC372184581D00C35DCD /* buffer.c in Sources */,
				37F1DC392184581D00C35DCD /* list_iterator.c in Sources */,
				37F1DC3F2184581D00C35DCD /* unix_misc.c in Sources */,
			);
			runOnlyForDeploymentPostprocessing = 0;
		};
/* End PBXSourcesBuildPhase section */

/* Begin XCBuildConfiguration section */
		37F1DC0E218457D000C35DCD /* Debug */ = {
			isa = XCBuildConfiguration;
			buildSettings = {
				ALWAYS_SEARCH_USER_PATHS = NO;
				CLANG_ANALYZER_NONNULL = YES;
				CLANG_ANALYZER_NUMBER_OBJECT_CONVERSION = YES_AGGRESSIVE;
				CLANG_CXX_LANGUAGE_STANDARD = "gnu++14";
				CLANG_CXX_LIBRARY = "libc++";
				CLANG_ENABLE_MODULES = YES;
				CLANG_ENABLE_OBJC_ARC = YES;
				CLANG_ENABLE_OBJC_WEAK = YES;
				CLANG_WARN_BLOCK_CAPTURE_AUTORELEASING = YES;
				CLANG_WARN_BOOL_CONVERSION = YES;
				CLANG_WARN_COMMA = YES;
				CLANG_WARN_CONSTANT_CONVERSION = YES;
				CLANG_WARN_DEPRECATED_OBJC_IMPLEMENTATIONS = YES;
				CLANG_WARN_DIRECT_OBJC_ISA_USAGE = YES_ERROR;
				CLANG_WARN_DOCUMENTATION_COMMENTS = YES;
				CLANG_WARN_EMPTY_BODY = YES;
				CLANG_WARN_ENUM_CONVERSION = YES;
				CLANG_WARN_INFINITE_RECURSION = YES;
				CLANG_WARN_INT_CONVERSION = YES;
				CLANG_WARN_NON_LITERAL_NULL_CONVERSION = YES;
				CLANG_WARN_OBJC_IMPLICIT_RETAIN_SELF = YES;
				CLANG_WARN_OBJC_LITERAL_CONVERSION = YES;
				CLANG_WARN_OBJC_ROOT_CLASS = YES_ERROR;
				CLANG_WARN_RANGE_LOOP_ANALYSIS = YES;
				CLANG_WARN_STRICT_PROTOTYPES = YES;
				CLANG_WARN_SUSPICIOUS_MOVE = YES;
				CLANG_WARN_UNGUARDED_AVAILABILITY = YES_AGGRESSIVE;
				CLANG_WARN_UNREACHABLE_CODE = YES;
				CLANG_WARN__DUPLICATE_METHOD_MATCH = YES;
				CODE_SIGN_IDENTITY = "-";
				COPY_PHASE_STRIP = NO;
				DEBUG_INFORMATION_FORMAT = dwarf;
				ENABLE_STRICT_OBJC_MSGSEND = YES;
				ENABLE_TESTABILITY = YES;
				GCC_C_LANGUAGE_STANDARD = gnu11;
				GCC_DYNAMIC_NO_PIC = NO;
				GCC_NO_COMMON_BLOCKS = YES;
				GCC_OPTIMIZATION_LEVEL = 0;
				GCC_PREPROCESSOR_DEFINITIONS = (
					"DEBUG=1",
					"$(inherited)",
				);
				GCC_WARN_64_TO_32_BIT_CONVERSION = YES;
				GCC_WARN_ABOUT_RETURN_TYPE = YES_ERROR;
				GCC_WARN_UNDECLARED_SELECTOR = YES;
				GCC_WARN_UNINITIALIZED_AUTOS = YES_AGGRESSIVE;
				GCC_WARN_UNUSED_FUNCTION = YES;
				GCC_WARN_UNUSED_VARIABLE = YES;
				MACOSX_DEPLOYMENT_TARGET = 10.14;
				MTL_ENABLE_DEBUG_INFO = INCLUDE_SOURCE;
				MTL_FAST_MATH = YES;
				ONLY_ACTIVE_ARCH = YES;
				SDKROOT = macosx;
			};
			name = Debug;
		};
		37F1DC0F218457D000C35DCD /* Release */ = {
			isa = XCBuildConfiguration;
			buildSettings = {
				ALWAYS_SEARCH_USER_PATHS = NO;
				CLANG_ANALYZER_NONNULL = YES;
				CLANG_ANALYZER_NUMBER_OBJECT_CONVERSION = YES_AGGRESSIVE;
				CLANG_CXX_LANGUAGE_STANDARD = "gnu++14";
				CLANG_CXX_LIBRARY = "libc++";
				CLANG_ENABLE_MODULES = YES;
				CLANG_ENABLE_OBJC_ARC = YES;
				CLANG_ENABLE_OBJC_WEAK = YES;
				CLANG_WARN_BLOCK_CAPTURE_AUTORELEASING = YES;
				CLANG_WARN_BOOL_CONVERSION = YES;
				CLANG_WARN_COMMA = YES;
				CLANG_WARN_CONSTANT_CONVERSION = YES;
				CLANG_WARN_DEPRECATED_OBJC_IMPLEMENTATIONS = YES;
				CLANG_WARN_DIRECT_OBJC_ISA_USAGE = YES_ERROR;
				CLANG_WARN_DOCUMENTATION_COMMENTS = YES;
				CLANG_WARN_EMPTY_BODY = YES;
				CLANG_WARN_ENUM_CONVERSION = YES;
				CLANG_WARN_INFINITE_RECURSION = YES;
				CLANG_WARN_INT_CONVERSION = YES;
				CLANG_WARN_NON_LITERAL_NULL_CONVERSION = YES;
				CLANG_WARN_OBJC_IMPLICIT_RETAIN_SELF = YES;
				CLANG_WARN_OBJC_LITERAL_CONVERSION = YES;
				CLANG_WARN_OBJC_ROOT_CLASS = YES_ERROR;
				CLANG_WARN_RANGE_LOOP_ANALYSIS = YES;
				CLANG_WARN_STRICT_PROTOTYPES = YES;
				CLANG_WARN_SUSPICIOUS_MOVE = YES;
				CLANG_WARN_UNGUARDED_AVAILABILITY = YES_AGGRESSIVE;
				CLANG_WARN_UNREACHABLE_CODE = YES;
				CLANG_WARN__DUPLICATE_METHOD_MATCH = YES;
				CODE_SIGN_IDENTITY = "-";
				COPY_PHASE_STRIP = NO;
				DEBUG_INFORMATION_FORMAT = "dwarf-with-dsym";
				ENABLE_NS_ASSERTIONS = NO;
				ENABLE_STRICT_OBJC_MSGSEND = YES;
				GCC_C_LANGUAGE_STANDARD = gnu11;
				GCC_NO_COMMON_BLOCKS = YES;
				GCC_WARN_64_TO_32_BIT_CONVERSION = YES;
				GCC_WARN_ABOUT_RETURN_TYPE = YES_ERROR;
				GCC_WARN_UNDECLARED_SELECTOR = YES;
				GCC_WARN_UNINITIALIZED_AUTOS = YES_AGGRESSIVE;
				GCC_WARN_UNUSED_FUNCTION = YES;
				GCC_WARN_UNUSED_VARIABLE = YES;
				MACOSX_DEPLOYMENT_TARGET = 10.14;
				MTL_ENABLE_DEBUG_INFO = NO;
				MTL_FAST_MATH = YES;
				SDKROOT = macosx;
			};
			name = Release;
		};
		37F1DC11218457D000C35DCD /* Debug */ = {
			isa = XCBuildConfiguration;
			buildSettings = {
				CODE_SIGN_STYLE = Automatic;
				PRODUCT_NAME = "$(TARGET_NAME)";
			};
			name = Debug;
		};
		37F1DC12218457D000C35DCD /* Release */ = {
			isa = XCBuildConfiguration;
			buildSettings = {
				CODE_SIGN_STYLE = Automatic;
				PRODUCT_NAME = "$(TARGET_NAME)";
			};
			name = Release;
		};
/* End XCBuildConfiguration section */

/* Begin XCConfigurationList section */
		37F1DC04218457D000C35DCD /* Build configuration list for PBXProject "cutlassXcodeProject" */ = {
			isa = XCConfigurationList;
			buildConfigurations = (
				37F1DC0E218457D000C35DCD /* Debug */,
				37F1DC0F218457D000C35DCD /* Release */,
			);
			defaultConfigurationIsVisible = 0;
			defaultConfigurationName = Release;
		};
		37F1DC10218457D000C35DCD /* Build configuration list for PBXNativeTarget "cutlassXcodeProject" */ = {
			isa = XCConfigurationList;
			buildConfigurations = (
				37F1DC11218457D000C35DCD /* Debug */,
				37F1DC12218457D000C35DCD /* Release */,
			);
			defaultConfigurationIsVisible = 0;
			defaultConfigurationName = Release;
		};
/* End XCConfigurationList section */
	};
	rootObject = 37F1DC01218457D000C35DCD /* Project object */;
}
